
Microsoft Visual Studio Solution File, Format Version 12.00
# Visual Studio Version 17
VisualStudioVersion = 17.12.35514.174
MinimumVisualStudioVersion = 10.0.40219.1
Project("{FAE04EC0-301F-11D3-BF4B-00C04F79EFBC}") = "1_Web_API_Intro", "1_Web_API_Intro\1_Web_API_Intro.csproj", "{47F7C978-6457-4789-819E-E0AF7A5BF82F}"
EndProject
Project("{FAE04EC0-301F-11D3-BF4B-00C04F79EFBC}") = "2_Method_Para_With_Crud_IN_API", "2_Method_Para_With_Crud_IN_API\2_Method_Para_With_Crud_IN_API.csproj", "{264AB467-7CF4-4717-8D38-0B5E33C7E696}"
EndProject
Project("{FAE04EC0-301F-11D3-BF4B-00C04F79EFBC}") = "3_Consume_API(Fetch API)_Client", "3_Consume_API(Fetch API)_Client\3_Consume_API(Fetch API)_Client.csproj", "{E9FD51B1-A00D-496C-9BC6-4C4BB2D65C27}"
EndProject
Project("{FAE04EC0-301F-11D3-BF4B-00C04F79EFBC}") = "4_FileManagementProject", "4_FileManagementProject\4_FileManagementProject.csproj", "{0CF86C1C-4AF3-4FA9-AF5E-1FA426217A45}"
EndProject
Project("{FAE04EC0-301F-11D3-BF4B-00C04F79EFBC}") = "Demo", "Demo\Demo.csproj", "{328CD19B-8032-4DAB-83F2-1CAC1FE03640}"
EndProject
Project("{FAE04EC0-301F-11D3-BF4B-00C04F79EFBC}") = "Demo_Data", "Demo_Data\Demo_Data.csproj", "{B30DD183-96A1-40ED-A5C7-3CC702AD5F6C}"
EndProject
Global
	GlobalSection(SolutionConfigurationPlatforms) = preSolution
		Debug|Any CPU = Debug|Any CPU
		Release|Any CPU = Release|Any CPU
	EndGlobalSection
	GlobalSection(ProjectConfigurationPlatforms) = postSolution
		{47F7C978-6457-4789-819E-E0AF7A5BF82F}.Debug|Any CPU.ActiveCfg = Debug|Any CPU
		{47F7C978-6457-4789-819E-E0AF7A5BF82F}.Debug|Any CPU.Build.0 = Debug|Any CPU
		{47F7C978-6457-4789-819E-E0AF7A5BF82F}.Release|Any CPU.ActiveCfg = Release|Any CPU
		{47F7C978-6457-4789-819E-E0AF7A5BF82F}.Release|Any CPU.Build.0 = Release|Any CPU
		{264AB467-7CF4-4717-8D38-0B5E33C7E696}.Debug|Any CPU.ActiveCfg = Debug|Any CPU
		{264AB467-7CF4-4717-8D38-0B5E33C7E696}.Debug|Any CPU.Build.0 = Debug|Any CPU
		{264AB467-7CF4-4717-8D38-0B5E33C7E696}.Release|Any CPU.ActiveCfg = Release|Any CPU
		{264AB467-7CF4-4717-8D38-0B5E33C7E696}.Release|Any CPU.Build.0 = Release|Any CPU
		{E9FD51B1-A00D-496C-9BC6-4C4BB2D65C27}.Debug|Any CPU.ActiveCfg = Debug|Any CPU
		{E9FD51B1-A00D-496C-9BC6-4C4BB2D65C27}.Debug|Any CPU.Build.0 = Debug|Any CPU
		{E9FD51B1-A00D-496C-9BC6-4C4BB2D65C27}.Release|Any CPU.ActiveCfg = Release|Any CPU
		{E9FD51B1-A00D-496C-9BC6-4C4BB2D65C27}.Release|Any CPU.Build.0 = Release|Any CPU
		{0CF86C1C-4AF3-4FA9-AF5E-1FA426217A45}.Debug|Any CPU.ActiveCfg = Debug|Any CPU
		{0CF86C1C-4AF3-4FA9-AF5E-1FA426217A45}.Debug|Any CPU.Build.0 = Debug|Any CPU
		{0CF86C1C-4AF3-4FA9-AF5E-1FA426217A45}.Release|Any CPU.ActiveCfg = Release|Any CPU
		{0CF86C1C-4AF3-4FA9-AF5E-1FA426217A45}.Release|Any CPU.Build.0 = Release|Any CPU
		{328CD19B-8032-4DAB-83F2-1CAC1FE03640}.Debug|Any CPU.ActiveCfg = Debug|Any CPU
		{328CD19B-8032-4DAB-83F2-1CAC1FE03640}.Debug|Any CPU.Build.0 = Debug|Any CPU
		{328CD19B-8032-4DAB-83F2-1CAC1FE03640}.Release|Any CPU.ActiveCfg = Release|Any CPU
		{328CD19B-8032-4DAB-83F2-1CAC1FE03640}.Release|Any CPU.Build.0 = Release|Any CPU
		{B30DD183-96A1-40ED-A5C7-3CC702AD5F6C}.Debug|Any CPU.ActiveCfg = Debug|Any CPU
		{B30DD183-96A1-40ED-A5C7-3CC702AD5F6C}.Debug|Any CPU.Build.0 = Debug|Any CPU
		{B30DD183-96A1-40ED-A5C7-3CC702AD5F6C}.Release|Any CPU.ActiveCfg = Release|Any CPU
		{B30DD183-96A1-40ED-A5C7-3CC702AD5F6C}.Release|Any CPU.Build.0 = Release|Any CPU
	EndGlobalSection
	GlobalSection(SolutionProperties) = preSolution
		HideSolutionNode = FALSE
	EndGlobalSection
EndGlobal
